{
  "version": 4,
  "terraform_version": "1.7.2",
  "serial": 6,
  "lineage": "cf8ae20f-9871-a48b-962f-d010fd0a16de",
  "outputs": {},
  "resources": [
    {
      "mode": "managed",
      "type": "aws_cognito_user_pool",
      "name": "userpool",
      "provider": "provider[\"registry.terraform.io/hashicorp/aws\"]",
      "instances": [
        {
          "schema_version": 0,
          "attributes": {
            "account_recovery_setting": [
              {
                "recovery_mechanism": [
                  {
                    "name": "verified_email",
                    "priority": 1
                  }
                ]
              }
            ],
            "admin_create_user_config": [
              {
                "allow_admin_create_user_only": false,
                "invite_message_template": []
              }
            ],
            "alias_attributes": null,
            "arn": "arn:aws:cognito-idp:us-east-1:773274541926:userpool/us-east-1_BmPHn0ENP",
            "auto_verified_attributes": [
              "email"
            ],
            "creation_date": "2024-02-10T21:28:23Z",
            "custom_domain": "",
            "deletion_protection": "INACTIVE",
            "device_configuration": [],
            "domain": "",
            "email_configuration": [
              {
                "configuration_set": "",
                "email_sending_account": "COGNITO_DEFAULT",
                "from_email_address": "",
                "reply_to_email_address": "",
                "source_arn": ""
              }
            ],
            "email_verification_message": "",
            "email_verification_subject": "",
            "endpoint": "cognito-idp.us-east-1.amazonaws.com/us-east-1_BmPHn0ENP",
            "estimated_number_of_users": 0,
            "id": "us-east-1_BmPHn0ENP",
            "lambda_config": [],
            "last_modified_date": "2024-02-10T21:28:23Z",
            "mfa_configuration": "OFF",
            "name": "opengym-userpool",
            "password_policy": [
              {
                "minimum_length": 8,
                "require_lowercase": true,
                "require_numbers": true,
                "require_symbols": true,
                "require_uppercase": true,
                "temporary_password_validity_days": 7
              }
            ],
            "schema": [
              {
                "attribute_data_type": "String",
                "developer_only_attribute": false,
                "mutable": true,
                "name": "email",
                "number_attribute_constraints": [],
                "required": true,
                "string_attribute_constraints": []
              }
            ],
            "sms_authentication_message": "",
            "sms_configuration": [],
            "sms_verification_message": "",
            "software_token_mfa_configuration": [],
            "tags": null,
            "tags_all": {},
            "user_attribute_update_settings": [],
            "user_pool_add_ons": [],
            "username_attributes": [
              "email"
            ],
            "username_configuration": [
              {
                "case_sensitive": true
              }
            ],
            "verification_message_template": [
              {
                "default_email_option": "CONFIRM_WITH_CODE",
                "email_message": "",
                "email_message_by_link": "",
                "email_subject": "",
                "email_subject_by_link": "",
                "sms_message": ""
              }
            ]
          },
          "sensitive_attributes": [],
          "private": "bnVsbA=="
        }
      ]
    },
    {
      "mode": "managed",
      "type": "aws_iam_role",
      "name": "user_pool_role",
      "provider": "provider[\"registry.terraform.io/hashicorp/aws\"]",
      "instances": [
        {
          "schema_version": 0,
          "attributes": {
            "arn": "arn:aws:iam::773274541926:role/user_pool_role",
            "assume_role_policy": "{\"Statement\":[{\"Action\":\"sts:AssumeRole\",\"Effect\":\"Allow\",\"Principal\":{\"Service\":\"cognito-idp.amazonaws.com\"}}],\"Version\":\"2012-10-17\"}",
            "create_date": "2024-02-10T21:28:20Z",
            "description": "",
            "force_detach_policies": false,
            "id": "user_pool_role",
            "inline_policy": [],
            "managed_policy_arns": [],
            "max_session_duration": 3600,
            "name": "user_pool_role",
            "name_prefix": "",
            "path": "/",
            "permissions_boundary": "",
            "tags": null,
            "tags_all": {},
            "unique_id": "AROA3ICWBD5TECEUUHGFW"
          },
          "sensitive_attributes": [],
          "private": "bnVsbA=="
        }
      ]
    }
  ],
  "check_results": null
}
