{
  "version": 4,
  "terraform_version": "1.7.2",
  "serial": 4,
  "lineage": "d08f0961-f2ce-4296-8030-c9699f722501",
  "outputs": {},
  "resources": [
    {
      "mode": "managed",
      "type": "aws_opensearch_domain",
      "name": "opengym-os",
      "provider": "provider[\"registry.terraform.io/hashicorp/aws\"]",
      "instances": [
        {
          "schema_version": 0,
          "attributes": {
            "access_policies": null,
            "advanced_options": {},
            "advanced_security_options": [
              {
                "anonymous_auth_enabled": true,
                "enabled": false,
                "internal_user_database_enabled": true,
                "master_user_options": [
                  {
                    "master_user_arn": "",
                    "master_user_name": "master",
                    "master_user_password": "master"
                  }
                ]
              }
            ],
            "arn": "arn:aws:es:us-east-1:773274541926:domain/opengym-os",
            "auto_tune_options": [
              {
                "desired_state": "DISABLED",
                "maintenance_schedule": [],
                "rollback_on_disable": "NO_ROLLBACK",
                "use_off_peak_window": false
              }
            ],
            "cluster_config": [
              {
                "cold_storage_options": [
                  {
                    "enabled": false
                  }
                ],
                "dedicated_master_count": 0,
                "dedicated_master_enabled": false,
                "dedicated_master_type": "",
                "instance_count": 1,
                "instance_type": "t2.small.search",
                "multi_az_with_standby_enabled": false,
                "warm_count": 0,
                "warm_enabled": false,
                "warm_type": "",
                "zone_awareness_config": [],
                "zone_awareness_enabled": false
              }
            ],
            "cognito_options": [
              {
                "enabled": false,
                "identity_pool_id": "",
                "role_arn": "",
                "user_pool_id": ""
              }
            ],
            "dashboard_endpoint": "search-opengym-os-jic4j2he6yjwp6oajo7xzbf6hm.us-east-1.es.amazonaws.com/_dashboards",
            "domain_endpoint_options": [
              {
                "custom_endpoint": "",
                "custom_endpoint_certificate_arn": "",
                "custom_endpoint_enabled": false,
                "enforce_https": false,
                "tls_security_policy": "Policy-Min-TLS-1-0-2019-07"
              }
            ],
            "domain_id": "773274541926/opengym-os",
            "domain_name": "opengym-os",
            "ebs_options": [
              {
                "ebs_enabled": true,
                "iops": 0,
                "throughput": 0,
                "volume_size": 10,
                "volume_type": "gp2"
              }
            ],
            "encrypt_at_rest": [
              {
                "enabled": false,
                "kms_key_id": ""
              }
            ],
            "endpoint": "search-opengym-os-jic4j2he6yjwp6oajo7xzbf6hm.us-east-1.es.amazonaws.com",
            "engine_version": "Elasticsearch_7.10",
            "id": "arn:aws:es:us-east-1:773274541926:domain/opengym-os",
            "kibana_endpoint": "search-opengym-os-jic4j2he6yjwp6oajo7xzbf6hm.us-east-1.es.amazonaws.com/_plugin/kibana/",
            "log_publishing_options": [],
            "node_to_node_encryption": [
              {
                "enabled": false
              }
            ],
            "off_peak_window_options": [
              {
                "enabled": true,
                "off_peak_window": [
                  {
                    "window_start_time": [
                      {
                        "hours": 2,
                        "minutes": 0
                      }
                    ]
                  }
                ]
              }
            ],
            "snapshot_options": [
              {
                "automated_snapshot_start_hour": 0
              }
            ],
            "software_update_options": [
              {
                "auto_software_update_enabled": false
              }
            ],
            "tags": null,
            "tags_all": {},
            "timeouts": null,
            "vpc_options": []
          },
          "sensitive_attributes": [],
          "private": "eyJlMmJmYjczMC1lY2FhLTExZTYtOGY4OC0zNDM2M2JjN2M0YzAiOnsiY3JlYXRlIjozNjAwMDAwMDAwMDAwLCJkZWxldGUiOjU0MDAwMDAwMDAwMDAsInVwZGF0ZSI6MTA4MDAwMDAwMDAwMDB9fQ=="
        }
      ]
    }
  ],
  "check_results": null
}
